version: '1'
library_root: designs/libs
libraries:
  designinit:
    repo: https://github.com/Jianxun/iic-osic-tools-project-template
    ref: main
    commit: f9750b160fc0413076514db22a3133bec0bba039
    source_path: designs/.designinit
    local_path: designs/.designinit
    checksum: 6dd12e47ef481c9a73ae99c08cbdc50187732e9fd93dc99cc601d6f96574c16c
    installed_at: '2025-07-26T23:13:02.200380'
    updated_at: '2025-08-02T01:40:56.259178'
    validation_status: unknown
    checkin: true
    license: MIT
    detected_license: MIT
  scripts:
    repo: https://github.com/Jianxun/iic-osic-tools-project-template
    ref: main
    commit: f9750b160fc0413076514db22a3133bec0bba039
    source_path: designs/scripts
    local_path: designs/scripts
    checksum: 911f430e853c58ea5800f7d16bfc6fbe64717a01624b9c1b6e1dae0f59e3e7c6
    installed_at: '2025-07-26T23:13:02.677481'
    updated_at: '2025-08-02T01:40:56.477435'
    validation_status: unknown
    checkin: true
    license: MIT
    detected_license: MIT
  gf180mcu_fd_sc_mcu9t5v0_symbols:
    repo: https://github.com/peterkinget/gf180mcu_fd_sc_mcu9t5v0_symbols
    ref: main
    commit: f2f0712700c7cafae42022a3da764e179b33c94c
    source_path: .
    local_path: designs/libs/gf180mcu_fd_sc_mcu9t5v0_symbols
    checksum: a6159d3f5938031d127116850a94f0e5ebf39b0002ff6a29b9e364ab416e0759
    installed_at: '2025-07-27T09:04:59.581598'
    updated_at: '2025-08-02T21:14:15.290423'
    validation_status: unknown
    checkin: false
    install_status: installed
  switch_matrix_gf180mcu_9t5v0:
    repo: https://github.com/mosbiuschip/switch_matrix_gf180mcu_9t5v0
    ref: main
    commit: 0a7e1150f8accd444ffb7e6ab7bebeff61687b01
    source_path: .
    local_path: designs/libs/switch_matrix_gf180mcu_9t5v0
    checksum: 33f5fa060056fe983c4f51349596f87c018385a9f9cea9a73e0194ed9ddb3fc9
    installed_at: '2025-07-27T09:05:32.135934'
    updated_at: '2025-08-02T21:14:15.837882'
    validation_status: unknown
    checkin: true
    license: N/A
    install_status: installed
  tgate:
    repo: https://github.com/JorgeMarinN/SSCS-Chipathon-2025_AC3E-Chile-team
    ref: main
    commit: dae79e7cc7670674e248494ecebfbe575049f62d
    source_path: xschem
    local_path: designs/libs/tgate
    checksum: 5caa706bf9016cafe555ece2197e968dd2cbf34fea3d6579e97e6596a980dfa4
    installed_at: '2025-07-28T01:50:58.282773'
    updated_at: '2025-08-02T22:02:33.546643'
    validation_status: unknown
    checkin: true
    license: Apache-2.0
    detected_license: Apache-2.0
    install_status: installed
