version: '1'
library_root: designs/libs
libraries:
  designinit:
    repo: https://github.com/Jianxun/iic-osic-tools-project-template
    ref: main
    commit: f9750b160fc0413076514db22a3133bec0bba039
    source_path: designs/.designinit
    local_path: designs/.designinit
    checksum: 6dd12e47ef481c9a73ae99c08cbdc50187732e9fd93dc99cc601d6f96574c16c
    installed_at: '2025-07-26T23:13:02.200380'
    updated_at: '2025-08-03T02:50:46.371098'
    validation_status: unknown
    checkin: true
    license: MIT
    detected_license: MIT
    install_status: installed
  scripts:
    repo: https://github.com/Jianxun/iic-osic-tools-project-template
    ref: main
    commit: f9750b160fc0413076514db22a3133bec0bba039
    source_path: designs/scripts
    local_path: designs/scripts
    checksum: d6087cece5394936f5e7cb8991c4bb93c70c304a9072bbb82da90290ed23c067
    installed_at: '2025-07-26T23:13:02.677481'
    updated_at: '2025-08-03T02:50:46.574031'
    validation_status: unknown
    checkin: true
    license: MIT
    detected_license: MIT
    install_status: installed
  gf180mcu_fd_sc_mcu9t5v0_symbols:
    repo: https://github.com/peterkinget/gf180mcu_fd_sc_mcu9t5v0_symbols
    ref: main
    commit: f2f0712700c7cafae42022a3da764e179b33c94c
    source_path: .
    local_path: designs/libs/gf180mcu_fd_sc_mcu9t5v0_symbols
    checksum: 1ce8afc66c1aa17169e7d161d57a9c01d3153c72b0284d837ff5c02d4968b613
    installed_at: '2025-07-27T09:04:59.581598'
    updated_at: '2025-08-03T02:50:46.933444'
    validation_status: unknown
    checkin: false
    install_status: installed
  switch_matrix_gf180mcu_9t5v0:
    repo: https://github.com/mosbiuschip/switch_matrix_gf180mcu_9t5v0
    ref: main
    commit: 0a7e1150f8accd444ffb7e6ab7bebeff61687b01
    source_path: .
    local_path: designs/libs/switch_matrix_gf180mcu_9t5v0
    checksum: 36bfc1fed995aa802bceaaeb53cabf9635df29a92111aaf4c912a2c5e4f0d95d
    installed_at: '2025-07-27T09:05:32.135934'
    updated_at: '2025-08-03T02:50:47.706292'
    validation_status: unknown
    checkin: true
    license: N/A
    install_status: installed
  tgate:
    repo: https://github.com/JorgeMarinN/SSCS-Chipathon-2025_AC3E-Chile-team
    ref: main
    commit: dae79e7cc7670674e248494ecebfbe575049f62d
    source_path: xschem
    local_path: designs/libs/tgate
    checksum: 34556841a13eb7c34e023e7b35c0fb7f2ef70fffabba2086d28a6b205af36334
    installed_at: '2025-08-03T02:33:33.476838'
    updated_at: '2025-08-03T02:50:47.974679'
    validation_status: unknown
    checkin: true
    license: Apache-2.0
    detected_license: Apache-2.0
    install_status: installed
